// !$*UTF8*$!
{
	archiveVersion = 1;
	classes = {
	};
	objectVersion = 46;
	objects = {

/* Begin PBXBuildFile section */
		4A0655C013D73C5D007CDE7A /* SearchTableViewController.xib in Resources */ = {isa = PBXBuildFile; fileRef = 4A0655BE13D73C5C007CDE7A /* SearchTableViewController.xib */; };
		4A06560E13D75D6D007CDE7A /* CIDType0Font.m in Sources */ = {isa = PBXBuildFile; fileRef = 4A0655ED13D75D6D007CDE7A /* CIDType0Font.m */; };
		4A06560F13D75D6D007CDE7A /* CIDType2Font.m in Sources */ = {isa = PBXBuildFile; fileRef = 4A0655EF13D75D6D007CDE7A /* CIDType2Font.m */; };
		4A06561013D75D6D007CDE7A /* CMap.m in Sources */ = {isa = PBXBuildFile; fileRef = 4A0655F113D75D6D007CDE7A /* CMap.m */; };
		4A06561113D75D6D007CDE7A /* CompositeFont.m in Sources */ = {isa = PBXBuildFile; fileRef = 4A0655F313D75D6D007CDE7A /* CompositeFont.m */; };
		4A06561213D75D6D007CDE7A /* Font.m in Sources */ = {isa = PBXBuildFile; fileRef = 4A0655F513D75D6D007CDE7A /* Font.m */; };
		4A06561313D75D6D007CDE7A /* FontCollection.m in Sources */ = {isa = PBXBuildFile; fileRef = 4A0655F713D75D6D007CDE7A /* FontCollection.m */; };
		4A06561413D75D6D007CDE7A /* FontDescriptor.m in Sources */ = {isa = PBXBuildFile; fileRef = 4A0655F913D75D6D007CDE7A /* FontDescriptor.m */; };
		4A06561513D75D6D007CDE7A /* MMType1Font.m in Sources */ = {isa = PBXBuildFile; fileRef = 4A0655FB13D75D6D007CDE7A /* MMType1Font.m */; };
		4A06561613D75D6D007CDE7A /* RenderingState.m in Sources */ = {isa = PBXBuildFile; fileRef = 4A0655FD13D75D6D007CDE7A /* RenderingState.m */; };
		4A06561713D75D6D007CDE7A /* Scanner.m in Sources */ = {isa = PBXBuildFile; fileRef = 4A0655FF13D75D6D007CDE7A /* Scanner.m */; };
		4A06561813D75D6D007CDE7A /* Selection.m in Sources */ = {isa = PBXBuildFile; fileRef = 4A06560113D75D6D007CDE7A /* Selection.m */; };
		4A06561913D75D6D007CDE7A /* SimpleFont.m in Sources */ = {isa = PBXBuildFile; fileRef = 4A06560313D75D6D007CDE7A /* SimpleFont.m */; };
		4A06561A13D75D6D007CDE7A /* StringDetector.m in Sources */ = {isa = PBXBuildFile; fileRef = 4A06560513D75D6D007CDE7A /* StringDetector.m */; };
		4A06561B13D75D6D007CDE7A /* TrueTypeFont.m in Sources */ = {isa = PBXBuildFile; fileRef = 4A06560713D75D6D007CDE7A /* TrueTypeFont.m */; };
		4A06561C13D75D6D007CDE7A /* Type0Font.m in Sources */ = {isa = PBXBuildFile; fileRef = 4A06560913D75D6D007CDE7A /* Type0Font.m */; };
		4A06561D13D75D6D007CDE7A /* Type1Font.m in Sources */ = {isa = PBXBuildFile; fileRef = 4A06560B13D75D6D007CDE7A /* Type1Font.m */; };
		4A06561E13D75D6D007CDE7A /* Type3Font.m in Sources */ = {isa = PBXBuildFile; fileRef = 4A06560D13D75D6D007CDE7A /* Type3Font.m */; };
		4A1B8D3413D714B90019FE30 /* SearchViewController.m in Sources */ = {isa = PBXBuildFile; fileRef = 4A1B8D3213D714B90019FE30 /* SearchViewController.m */; };
		4A1B8D3513D714B90019FE30 /* SearchViewController.xib in Resources */ = {isa = PBXBuildFile; fileRef = 4A1B8D3313D714B90019FE30 /* SearchViewController.xib */; };
		4A2BF9B113D5BCFF00111B21 /* ContentViewController.m in Sources */ = {isa = PBXBuildFile; fileRef = 4A2BF9B013D5BCFF00111B21 /* ContentViewController.m */; };
		4A72237F13CA0A5D00F99C33 /* UIKit.framework in Frameworks */ = {isa = PBXBuildFile; fileRef = 4A72237E13CA0A5D00F99C33 /* UIKit.framework */; };
		4A72238113CA0A5D00F99C33 /* Foundation.framework in Frameworks */ = {isa = PBXBuildFile; fileRef = 4A72238013CA0A5D00F99C33 /* Foundation.framework */; };
		4A72238313CA0A5D00F99C33 /* CoreGraphics.framework in Frameworks */ = {isa = PBXBuildFile; fileRef = 4A72238213CA0A5D00F99C33 /* CoreGraphics.framework */; };
		4A72238913CA0A5D00F99C33 /* InfoPlist.strings in Resources */ = {isa = PBXBuildFile; fileRef = 4A72238713CA0A5D00F99C33 /* InfoPlist.strings */; };
		4A72238C13CA0A5E00F99C33 /* main.m in Sources */ = {isa = PBXBuildFile; fileRef = 4A72238B13CA0A5E00F99C33 /* main.m */; };
		4A72238F13CA0A5E00F99C33 /* PDFAppDelegate.m in Sources */ = {isa = PBXBuildFile; fileRef = 4A72238E13CA0A5E00F99C33 /* PDFAppDelegate.m */; };
		4A72239213CA0A5E00F99C33 /* MainWindow.xib in Resources */ = {isa = PBXBuildFile; fileRef = 4A72239013CA0A5E00F99C33 /* MainWindow.xib */; };
		4A72239513CA0A5E00F99C33 /* PDFViewController.m in Sources */ = {isa = PBXBuildFile; fileRef = 4A72239413CA0A5E00F99C33 /* PDFViewController.m */; };
		4A7223A913CA227900F99C33 /* GFImageCache.m in Sources */ = {isa = PBXBuildFile; fileRef = 4A7223A813CA227900F99C33 /* GFImageCache.m */; };
		4A7223AC13CA228900F99C33 /* GFRenderView.m in Sources */ = {isa = PBXBuildFile; fileRef = 4A7223AB13CA228900F99C33 /* GFRenderView.m */; };
		4A7223AE13CA238A00F99C33 /* QuartzCore.framework in Frameworks */ = {isa = PBXBuildFile; fileRef = 4A7223AD13CA238A00F99C33 /* QuartzCore.framework */; };
		4A7223B813CA369400F99C33 /* GFHelpers.m in Sources */ = {isa = PBXBuildFile; fileRef = 4A7223B713CA369400F99C33 /* GFHelpers.m */; };
		4A7223C213CA375D00F99C33 /* Test.pdf in Resources */ = {isa = PBXBuildFile; fileRef = 4A7223C113CA375D00F99C33 /* Test.pdf */; };
		4A7223C513CA3D6F00F99C33 /* GFRenderViewController.m in Sources */ = {isa = PBXBuildFile; fileRef = 4A7223C413CA3D6E00F99C33 /* GFRenderViewController.m */; };
		4AF5A89813CCE98C00FD60F3 /* GFPDFTiledLayer.m in Sources */ = {isa = PBXBuildFile; fileRef = 4AF5A89713CCE98C00FD60F3 /* GFPDFTiledLayer.m */; };
		4AF5A89C13CCE9EA00FD60F3 /* GFRenderTiledView.m in Sources */ = {isa = PBXBuildFile; fileRef = 4AF5A89B13CCE9EA00FD60F3 /* GFRenderTiledView.m */; };
/* End PBXBuildFile section */

/* Begin PBXFileReference section */
		4A0655BE13D73C5C007CDE7A /* SearchTableViewController.xib */ = {isa = PBXFileReference; fileEncoding = 4; lastKnownFileType = file.xib; path = SearchTableViewController.xib; sourceTree = "<group>"; };
		4A0655EC13D75D6D007CDE7A /* CIDType0Font.h */ = {isa = PBXFileReference; fileEncoding = 4; lastKnownFileType = sourcecode.c.h; path = CIDType0Font.h; sourceTree = "<group>"; };
		4A0655ED13D75D6D007CDE7A /* CIDType0Font.m */ = {isa = PBXFileReference; fileEncoding = 4; lastKnownFileType = sourcecode.c.objc; path = CIDType0Font.m; sourceTree = "<group>"; };
		4A0655EE13D75D6D007CDE7A /* CIDType2Font.h */ = {isa = PBXFileReference; fileEncoding = 4; lastKnownFileType = sourcecode.c.h; path = CIDType2Font.h; sourceTree = "<group>"; };
		4A0655EF13D75D6D007CDE7A /* CIDType2Font.m */ = {isa = PBXFileReference; fileEncoding = 4; lastKnownFileType = sourcecode.c.objc; path = CIDType2Font.m; sourceTree = "<group>"; };
		4A0655F013D75D6D007CDE7A /* CMap.h */ = {isa = PBXFileReference; fileEncoding = 4; lastKnownFileType = sourcecode.c.h; path = CMap.h; sourceTree = "<group>"; };
		4A0655F113D75D6D007CDE7A /* CMap.m */ = {isa = PBXFileReference; fileEncoding = 4; lastKnownFileType = sourcecode.c.objc; path = CMap.m; sourceTree = "<group>"; };
		4A0655F213D75D6D007CDE7A /* CompositeFont.h */ = {isa = PBXFileReference; fileEncoding = 4; lastKnownFileType = sourcecode.c.h; path = CompositeFont.h; sourceTree = "<group>"; };
		4A0655F313D75D6D007CDE7A /* CompositeFont.m */ = {isa = PBXFileReference; fileEncoding = 4; lastKnownFileType = sourcecode.c.objc; path = CompositeFont.m; sourceTree = "<group>"; };
		4A0655F413D75D6D007CDE7A /* Font.h */ = {isa = PBXFileReference; fileEncoding = 4; lastKnownFileType = sourcecode.c.h; path = Font.h; sourceTree = "<group>"; };
		4A0655F513D75D6D007CDE7A /* Font.m */ = {isa = PBXFileReference; fileEncoding = 4; lastKnownFileType = sourcecode.c.objc; path = Font.m; sourceTree = "<group>"; };
		4A0655F613D75D6D007CDE7A /* FontCollection.h */ = {isa = PBXFileReference; fileEncoding = 4; lastKnownFileType = sourcecode.c.h; path = FontCollection.h; sourceTree = "<group>"; };
		4A0655F713D75D6D007CDE7A /* FontCollection.m */ = {isa = PBXFileReference; fileEncoding = 4; lastKnownFileType = sourcecode.c.objc; path = FontCollection.m; sourceTree = "<group>"; };
		4A0655F813D75D6D007CDE7A /* FontDescriptor.h */ = {isa = PBXFileReference; fileEncoding = 4; lastKnownFileType = sourcecode.c.h; path = FontDescriptor.h; sourceTree = "<group>"; };
		4A0655F913D75D6D007CDE7A /* FontDescriptor.m */ = {isa = PBXFileReference; fileEncoding = 4; lastKnownFileType = sourcecode.c.objc; path = FontDescriptor.m; sourceTree = "<group>"; };
		4A0655FA13D75D6D007CDE7A /* MMType1Font.h */ = {isa = PBXFileReference; fileEncoding = 4; lastKnownFileType = sourcecode.c.h; path = MMType1Font.h; sourceTree = "<group>"; };
		4A0655FB13D75D6D007CDE7A /* MMType1Font.m */ = {isa = PBXFileReference; fileEncoding = 4; lastKnownFileType = sourcecode.c.objc; path = MMType1Font.m; sourceTree = "<group>"; };
		4A0655FC13D75D6D007CDE7A /* RenderingState.h */ = {isa = PBXFileReference; fileEncoding = 4; lastKnownFileType = sourcecode.c.h; path = RenderingState.h; sourceTree = "<group>"; };
		4A0655FD13D75D6D007CDE7A /* RenderingState.m */ = {isa = PBXFileReference; fileEncoding = 4; lastKnownFileType = sourcecode.c.objc; path = RenderingState.m; sourceTree = "<group>"; };
		4A0655FE13D75D6D007CDE7A /* Scanner.h */ = {isa = PBXFileReference; fileEncoding = 4; lastKnownFileType = sourcecode.c.h; path = Scanner.h; sourceTree = "<group>"; };
		4A0655FF13D75D6D007CDE7A /* Scanner.m */ = {isa = PBXFileReference; fileEncoding = 4; lastKnownFileType = sourcecode.c.objc; path = Scanner.m; sourceTree = "<group>"; };
		4A06560013D75D6D007CDE7A /* Selection.h */ = {isa = PBXFileReference; fileEncoding = 4; lastKnownFileType = sourcecode.c.h; path = Selection.h; sourceTree = "<group>"; };
		4A06560113D75D6D007CDE7A /* Selection.m */ = {isa = PBXFileReference; fileEncoding = 4; lastKnownFileType = sourcecode.c.objc; path = Selection.m; sourceTree = "<group>"; };
		4A06560213D75D6D007CDE7A /* SimpleFont.h */ = {isa = PBXFileReference; fileEncoding = 4; lastKnownFileType = sourcecode.c.h; path = SimpleFont.h; sourceTree = "<group>"; };
		4A06560313D75D6D007CDE7A /* SimpleFont.m */ = {isa = PBXFileReference; fileEncoding = 4; lastKnownFileType = sourcecode.c.objc; path = SimpleFont.m; sourceTree = "<group>"; };
		4A06560413D75D6D007CDE7A /* StringDetector.h */ = {isa = PBXFileReference; fileEncoding = 4; lastKnownFileType = sourcecode.c.h; path = StringDetector.h; sourceTree = "<group>"; };
		4A06560513D75D6D007CDE7A /* StringDetector.m */ = {isa = PBXFileReference; fileEncoding = 4; lastKnownFileType = sourcecode.c.objc; path = StringDetector.m; sourceTree = "<group>"; };
		4A06560613D75D6D007CDE7A /* TrueTypeFont.h */ = {isa = PBXFileReference; fileEncoding = 4; lastKnownFileType = sourcecode.c.h; path = TrueTypeFont.h; sourceTree = "<group>"; };
		4A06560713D75D6D007CDE7A /* TrueTypeFont.m */ = {isa = PBXFileReference; fileEncoding = 4; lastKnownFileType = sourcecode.c.objc; path = TrueTypeFont.m; sourceTree = "<group>"; };
		4A06560813D75D6D007CDE7A /* Type0Font.h */ = {isa = PBXFileReference; fileEncoding = 4; lastKnownFileType = sourcecode.c.h; path = Type0Font.h; sourceTree = "<group>"; };
		4A06560913D75D6D007CDE7A /* Type0Font.m */ = {isa = PBXFileReference; fileEncoding = 4; lastKnownFileType = sourcecode.c.objc; path = Type0Font.m; sourceTree = "<group>"; };
		4A06560A13D75D6D007CDE7A /* Type1Font.h */ = {isa = PBXFileReference; fileEncoding = 4; lastKnownFileType = sourcecode.c.h; path = Type1Font.h; sourceTree = "<group>"; };
		4A06560B13D75D6D007CDE7A /* Type1Font.m */ = {isa = PBXFileReference; fileEncoding = 4; lastKnownFileType = sourcecode.c.objc; path = Type1Font.m; sourceTree = "<group>"; };
		4A06560C13D75D6D007CDE7A /* Type3Font.h */ = {isa = PBXFileReference; fileEncoding = 4; lastKnownFileType = sourcecode.c.h; path = Type3Font.h; sourceTree = "<group>"; };
		4A06560D13D75D6D007CDE7A /* Type3Font.m */ = {isa = PBXFileReference; fileEncoding = 4; lastKnownFileType = sourcecode.c.objc; path = Type3Font.m; sourceTree = "<group>"; };
		4A1B8D3113D714B90019FE30 /* SearchViewController.h */ = {isa = PBXFileReference; fileEncoding = 4; lastKnownFileType = sourcecode.c.h; path = SearchViewController.h; sourceTree = "<group>"; };
		4A1B8D3213D714B90019FE30 /* SearchViewController.m */ = {isa = PBXFileReference; fileEncoding = 4; lastKnownFileType = sourcecode.c.objc; path = SearchViewController.m; sourceTree = "<group>"; };
		4A1B8D3313D714B90019FE30 /* SearchViewController.xib */ = {isa = PBXFileReference; fileEncoding = 4; lastKnownFileType = file.xib; path = SearchViewController.xib; sourceTree = "<group>"; };
		4A2BF9AF13D5BCFF00111B21 /* ContentViewController.h */ = {isa = PBXFileReference; fileEncoding = 4; lastKnownFileType = sourcecode.c.h; path = ContentViewController.h; sourceTree = "<group>"; };
		4A2BF9B013D5BCFF00111B21 /* ContentViewController.m */ = {isa = PBXFileReference; fileEncoding = 4; lastKnownFileType = sourcecode.c.objc; path = ContentViewController.m; sourceTree = "<group>"; };
		4A72237A13CA0A5D00F99C33 /* PDF.app */ = {isa = PBXFileReference; explicitFileType = wrapper.application; includeInIndex = 0; path = PDF.app; sourceTree = BUILT_PRODUCTS_DIR; };
		4A72237E13CA0A5D00F99C33 /* UIKit.framework */ = {isa = PBXFileReference; lastKnownFileType = wrapper.framework; name = UIKit.framework; path = System/Library/Frameworks/UIKit.framework; sourceTree = SDKROOT; };
		4A72238013CA0A5D00F99C33 /* Foundation.framework */ = {isa = PBXFileReference; lastKnownFileType = wrapper.framework; name = Foundation.framework; path = System/Library/Frameworks/Foundation.framework; sourceTree = SDKROOT; };
		4A72238213CA0A5D00F99C33 /* CoreGraphics.framework */ = {isa = PBXFileReference; lastKnownFileType = wrapper.framework; name = CoreGraphics.framework; path = System/Library/Frameworks/CoreGraphics.framework; sourceTree = SDKROOT; };
		4A72238613CA0A5D00F99C33 /* PDF-Info.plist */ = {isa = PBXFileReference; lastKnownFileType = text.plist.xml; path = "PDF-Info.plist"; sourceTree = "<group>"; };
		4A72238813CA0A5D00F99C33 /* en */ = {isa = PBXFileReference; lastKnownFileType = text.plist.strings; name = en; path = en.lproj/InfoPlist.strings; sourceTree = "<group>"; };
		4A72238A13CA0A5E00F99C33 /* PDF-Prefix.pch */ = {isa = PBXFileReference; lastKnownFileType = sourcecode.c.h; path = "PDF-Prefix.pch"; sourceTree = "<group>"; };
		4A72238B13CA0A5E00F99C33 /* main.m */ = {isa = PBXFileReference; lastKnownFileType = sourcecode.c.objc; path = main.m; sourceTree = "<group>"; };
		4A72238D13CA0A5E00F99C33 /* PDFAppDelegate.h */ = {isa = PBXFileReference; lastKnownFileType = sourcecode.c.h; path = PDFAppDelegate.h; sourceTree = "<group>"; };
		4A72238E13CA0A5E00F99C33 /* PDFAppDelegate.m */ = {isa = PBXFileReference; lastKnownFileType = sourcecode.c.objc; path = PDFAppDelegate.m; sourceTree = "<group>"; };
		4A72239113CA0A5E00F99C33 /* en */ = {isa = PBXFileReference; lastKnownFileType = file.xib; name = en; path = en.lproj/MainWindow.xib; sourceTree = "<group>"; };
		4A72239313CA0A5E00F99C33 /* PDFViewController.h */ = {isa = PBXFileReference; lastKnownFileType = sourcecode.c.h; path = PDFViewController.h; sourceTree = "<group>"; };
		4A72239413CA0A5E00F99C33 /* PDFViewController.m */ = {isa = PBXFileReference; lastKnownFileType = sourcecode.c.objc; path = PDFViewController.m; sourceTree = "<group>"; };
		4A7223A713CA227900F99C33 /* GFImageCache.h */ = {isa = PBXFileReference; fileEncoding = 4; lastKnownFileType = sourcecode.c.h; path = GFImageCache.h; sourceTree = "<group>"; };
		4A7223A813CA227900F99C33 /* GFImageCache.m */ = {isa = PBXFileReference; fileEncoding = 4; lastKnownFileType = sourcecode.c.objc; path = GFImageCache.m; sourceTree = "<group>"; };
		4A7223AA13CA228900F99C33 /* GFRenderView.h */ = {isa = PBXFileReference; fileEncoding = 4; lastKnownFileType = sourcecode.c.h; path = GFRenderView.h; sourceTree = "<group>"; };
		4A7223AB13CA228900F99C33 /* GFRenderView.m */ = {isa = PBXFileReference; fileEncoding = 4; lastKnownFileType = sourcecode.c.objc; path = GFRenderView.m; sourceTree = "<group>"; };
		4A7223AD13CA238A00F99C33 /* QuartzCore.framework */ = {isa = PBXFileReference; lastKnownFileType = wrapper.framework; name = QuartzCore.framework; path = System/Library/Frameworks/QuartzCore.framework; sourceTree = SDKROOT; };
		4A7223B513CA293A00F99C33 /* GFRenderProtocols.h */ = {isa = PBXFileReference; fileEncoding = 4; lastKnownFileType = sourcecode.c.h; path = GFRenderProtocols.h; sourceTree = "<group>"; };
		4A7223B613CA366F00F99C33 /* GFHelpers.h */ = {isa = PBXFileReference; fileEncoding = 4; lastKnownFileType = sourcecode.c.h; path = GFHelpers.h; sourceTree = "<group>"; };
		4A7223B713CA369400F99C33 /* GFHelpers.m */ = {isa = PBXFileReference; fileEncoding = 4; lastKnownFileType = sourcecode.c.objc; path = GFHelpers.m; sourceTree = "<group>"; };
		4A7223C113CA375D00F99C33 /* Test.pdf */ = {isa = PBXFileReference; lastKnownFileType = image.pdf; path = Test.pdf; sourceTree = "<group>"; };
		4A7223C313CA3D6D00F99C33 /* GFRenderViewController.h */ = {isa = PBXFileReference; fileEncoding = 4; lastKnownFileType = sourcecode.c.h; path = GFRenderViewController.h; sourceTree = "<group>"; };
		4A7223C413CA3D6E00F99C33 /* GFRenderViewController.m */ = {isa = PBXFileReference; fileEncoding = 4; lastKnownFileType = sourcecode.c.objc; path = GFRenderViewController.m; sourceTree = "<group>"; };
		4AF5A89613CCE98C00FD60F3 /* GFPDFTiledLayer.h */ = {isa = PBXFileReference; fileEncoding = 4; lastKnownFileType = sourcecode.c.h; path = GFPDFTiledLayer.h; sourceTree = "<group>"; };
		4AF5A89713CCE98C00FD60F3 /* GFPDFTiledLayer.m */ = {isa = PBXFileReference; fileEncoding = 4; lastKnownFileType = sourcecode.c.objc; path = GFPDFTiledLayer.m; sourceTree = "<group>"; };
		4AF5A89A13CCE9EA00FD60F3 /* GFRenderTiledView.h */ = {isa = PBXFileReference; fileEncoding = 4; lastKnownFileType = sourcecode.c.h; path = GFRenderTiledView.h; sourceTree = "<group>"; };
		4AF5A89B13CCE9EA00FD60F3 /* GFRenderTiledView.m */ = {isa = PBXFileReference; fileEncoding = 4; lastKnownFileType = sourcecode.c.objc; path = GFRenderTiledView.m; sourceTree = "<group>"; };
/* End PBXFileReference section */

/* Begin PBXFrameworksBuildPhase section */
		4A72237713CA0A5D00F99C33 /* Frameworks */ = {
			isa = PBXFrameworksBuildPhase;
			buildActionMask = 2147483647;
			files = (
				4A7223AE13CA238A00F99C33 /* QuartzCore.framework in Frameworks */,
				4A72237F13CA0A5D00F99C33 /* UIKit.framework in Frameworks */,
				4A72238113CA0A5D00F99C33 /* Foundation.framework in Frameworks */,
				4A72238313CA0A5D00F99C33 /* CoreGraphics.framework in Frameworks */,
			);
			runOnlyForDeploymentPostprocessing = 0;
		};
/* End PBXFrameworksBuildPhase section */

/* Begin PBXGroup section */
		4A0655CF13D75682007CDE7A /* Libs */ = {
			isa = PBXGroup;
			children = (
				4A0655EB13D75D6D007CDE7A /* PDFKitten */,
			);
			name = Libs;
			sourceTree = "<group>";
		};
		4A0655EB13D75D6D007CDE7A /* PDFKitten */ = {
			isa = PBXGroup;
			children = (
				4A0655EC13D75D6D007CDE7A /* CIDType0Font.h */,
				4A0655ED13D75D6D007CDE7A /* CIDType0Font.m */,
				4A0655EE13D75D6D007CDE7A /* CIDType2Font.h */,
				4A0655EF13D75D6D007CDE7A /* CIDType2Font.m */,
				4A0655F013D75D6D007CDE7A /* CMap.h */,
				4A0655F113D75D6D007CDE7A /* CMap.m */,
				4A0655F213D75D6D007CDE7A /* CompositeFont.h */,
				4A0655F313D75D6D007CDE7A /* CompositeFont.m */,
				4A0655F413D75D6D007CDE7A /* Font.h */,
				4A0655F513D75D6D007CDE7A /* Font.m */,
				4A0655F613D75D6D007CDE7A /* FontCollection.h */,
				4A0655F713D75D6D007CDE7A /* FontCollection.m */,
				4A0655F813D75D6D007CDE7A /* FontDescriptor.h */,
				4A0655F913D75D6D007CDE7A /* FontDescriptor.m */,
				4A0655FA13D75D6D007CDE7A /* MMType1Font.h */,
				4A0655FB13D75D6D007CDE7A /* MMType1Font.m */,
				4A0655FC13D75D6D007CDE7A /* RenderingState.h */,
				4A0655FD13D75D6D007CDE7A /* RenderingState.m */,
				4A0655FE13D75D6D007CDE7A /* Scanner.h */,
				4A0655FF13D75D6D007CDE7A /* Scanner.m */,
				4A06560013D75D6D007CDE7A /* Selection.h */,
				4A06560113D75D6D007CDE7A /* Selection.m */,
				4A06560213D75D6D007CDE7A /* SimpleFont.h */,
				4A06560313D75D6D007CDE7A /* SimpleFont.m */,
				4A06560413D75D6D007CDE7A /* StringDetector.h */,
				4A06560513D75D6D007CDE7A /* StringDetector.m */,
				4A06560613D75D6D007CDE7A /* TrueTypeFont.h */,
				4A06560713D75D6D007CDE7A /* TrueTypeFont.m */,
				4A06560813D75D6D007CDE7A /* Type0Font.h */,
				4A06560913D75D6D007CDE7A /* Type0Font.m */,
				4A06560A13D75D6D007CDE7A /* Type1Font.h */,
				4A06560B13D75D6D007CDE7A /* Type1Font.m */,
				4A06560C13D75D6D007CDE7A /* Type3Font.h */,
				4A06560D13D75D6D007CDE7A /* Type3Font.m */,
			);
			name = PDFKitten;
			path = Libs/PDFKitten/PDFKitten;
			sourceTree = "<group>";
		};
		4A06562713D75E80007CDE7A /* PDF Rendering */ = {
			isa = PBXGroup;
			children = (
				4A7223B613CA366F00F99C33 /* GFHelpers.h */,
				4A7223B713CA369400F99C33 /* GFHelpers.m */,
				4A7223A713CA227900F99C33 /* GFImageCache.h */,
				4A7223A813CA227900F99C33 /* GFImageCache.m */,
				4A7223B513CA293A00F99C33 /* GFRenderProtocols.h */,
				4A7223AA13CA228900F99C33 /* GFRenderView.h */,
				4A7223AB13CA228900F99C33 /* GFRenderView.m */,
				4A7223C313CA3D6D00F99C33 /* GFRenderViewController.h */,
				4A7223C413CA3D6E00F99C33 /* GFRenderViewController.m */,
				4AF5A89613CCE98C00FD60F3 /* GFPDFTiledLayer.h */,
				4AF5A89713CCE98C00FD60F3 /* GFPDFTiledLayer.m */,
				4AF5A89A13CCE9EA00FD60F3 /* GFRenderTiledView.h */,
				4AF5A89B13CCE9EA00FD60F3 /* GFRenderTiledView.m */,
			);
			name = "PDF Rendering";
			sourceTree = "<group>";
		};
		4A06562813D75E96007CDE7A /* Other Sources */ = {
			isa = PBXGroup;
			children = (
				4A72238D13CA0A5E00F99C33 /* PDFAppDelegate.h */,
				4A72238E13CA0A5E00F99C33 /* PDFAppDelegate.m */,
				4A72239313CA0A5E00F99C33 /* PDFViewController.h */,
				4A72239413CA0A5E00F99C33 /* PDFViewController.m */,
			);
			name = "Other Sources";
			sourceTree = "<group>";
		};
		4A06562913D75EA8007CDE7A /* Search */ = {
			isa = PBXGroup;
			children = (
				4A2BF9AF13D5BCFF00111B21 /* ContentViewController.h */,
				4A2BF9B013D5BCFF00111B21 /* ContentViewController.m */,
				4A1B8D3113D714B90019FE30 /* SearchViewController.h */,
				4A1B8D3213D714B90019FE30 /* SearchViewController.m */,
				4A1B8D3313D714B90019FE30 /* SearchViewController.xib */,
				4A0655BE13D73C5C007CDE7A /* SearchTableViewController.xib */,
			);
			name = Search;
			sourceTree = "<group>";
		};
		4A06562A13D75EE0007CDE7A /* Resources */ = {
			isa = PBXGroup;
			children = (
				4A72239013CA0A5E00F99C33 /* MainWindow.xib */,
				4A7223C113CA375D00F99C33 /* Test.pdf */,
			);
			name = Resources;
			sourceTree = "<group>";
		};
		4A72236F13CA0A5C00F99C33 = {
			isa = PBXGroup;
			children = (
				4A0655CF13D75682007CDE7A /* Libs */,
				4A72238413CA0A5D00F99C33 /* PDF */,
				4A72237D13CA0A5D00F99C33 /* Frameworks */,
				4A72237B13CA0A5D00F99C33 /* Products */,
			);
			sourceTree = "<group>";
		};
		4A72237B13CA0A5D00F99C33 /* Products */ = {
			isa = PBXGroup;
			children = (
				4A72237A13CA0A5D00F99C33 /* PDF.app */,
			);
			name = Products;
			sourceTree = "<group>";
		};
		4A72237D13CA0A5D00F99C33 /* Frameworks */ = {
			isa = PBXGroup;
			children = (
				4A72237E13CA0A5D00F99C33 /* UIKit.framework */,
				4A7223AD13CA238A00F99C33 /* QuartzCore.framework */,
				4A72238013CA0A5D00F99C33 /* Foundation.framework */,
				4A72238213CA0A5D00F99C33 /* CoreGraphics.framework */,
			);
			name = Frameworks;
			sourceTree = "<group>";
		};
		4A72238413CA0A5D00F99C33 /* PDF */ = {
			isa = PBXGroup;
			children = (
				4A06562913D75EA8007CDE7A /* Search */,
				4A06562713D75E80007CDE7A /* PDF Rendering */,
				4A72238513CA0A5D00F99C33 /* Supporting Files */,
				4A06562A13D75EE0007CDE7A /* Resources */,
				4A06562813D75E96007CDE7A /* Other Sources */,
			);
			path = PDF;
			sourceTree = "<group>";
		};
		4A72238513CA0A5D00F99C33 /* Supporting Files */ = {
			isa = PBXGroup;
			children = (
				4A72238613CA0A5D00F99C33 /* PDF-Info.plist */,
				4A72238713CA0A5D00F99C33 /* InfoPlist.strings */,
				4A72238A13CA0A5E00F99C33 /* PDF-Prefix.pch */,
				4A72238B13CA0A5E00F99C33 /* main.m */,
			);
			name = "Supporting Files";
			sourceTree = "<group>";
		};
/* End PBXGroup section */

/* Begin PBXNativeTarget section */
		4A72237913CA0A5D00F99C33 /* PDF */ = {
			isa = PBXNativeTarget;
			buildConfigurationList = 4A72239B13CA0A5E00F99C33 /* Build configuration list for PBXNativeTarget "PDF" */;
			buildPhases = (
				4A72237613CA0A5D00F99C33 /* Sources */,
				4A72237713CA0A5D00F99C33 /* Frameworks */,
				4A72237813CA0A5D00F99C33 /* Resources */,
			);
			buildRules = (
			);
			dependencies = (
			);
			name = PDF;
			productName = PDF;
			productReference = 4A72237A13CA0A5D00F99C33 /* PDF.app */;
			productType = "com.apple.product-type.application";
		};
/* End PBXNativeTarget section */

/* Begin PBXProject section */
		4A72237113CA0A5C00F99C33 /* Project object */ = {
			isa = PBXProject;
			buildConfigurationList = 4A72237413CA0A5C00F99C33 /* Build configuration list for PBXProject "PDF" */;
			compatibilityVersion = "Xcode 3.2";
			developmentRegion = English;
			hasScannedForEncodings = 0;
			knownRegions = (
				en,
			);
			mainGroup = 4A72236F13CA0A5C00F99C33;
			productRefGroup = 4A72237B13CA0A5D00F99C33 /* Products */;
			projectDirPath = "";
			projectRoot = "";
			targets = (
				4A72237913CA0A5D00F99C33 /* PDF */,
			);
		};
/* End PBXProject section */

/* Begin PBXResourcesBuildPhase section */
		4A72237813CA0A5D00F99C33 /* Resources */ = {
			isa = PBXResourcesBuildPhase;
			buildActionMask = 2147483647;
			files = (
				4A72238913CA0A5D00F99C33 /* InfoPlist.strings in Resources */,
				4A72239213CA0A5E00F99C33 /* MainWindow.xib in Resources */,
				4A7223C213CA375D00F99C33 /* Test.pdf in Resources */,
				4A1B8D3513D714B90019FE30 /* SearchViewController.xib in Resources */,
				4A0655C013D73C5D007CDE7A /* SearchTableViewController.xib in Resources */,
			);
			runOnlyForDeploymentPostprocessing = 0;
		};
/* End PBXResourcesBuildPhase section */

/* Begin PBXSourcesBuildPhase section */
		4A72237613CA0A5D00F99C33 /* Sources */ = {
			isa = PBXSourcesBuildPhase;
			buildActionMask = 2147483647;
			files = (
				4A72238C13CA0A5E00F99C33 /* main.m in Sources */,
				4A72238F13CA0A5E00F99C33 /* PDFAppDelegate.m in Sources */,
				4A72239513CA0A5E00F99C33 /* PDFViewController.m in Sources */,
				4A7223A913CA227900F99C33 /* GFImageCache.m in Sources */,
				4A7223AC13CA228900F99C33 /* GFRenderView.m in Sources */,
				4A7223B813CA369400F99C33 /* GFHelpers.m in Sources */,
				4A7223C513CA3D6F00F99C33 /* GFRenderViewController.m in Sources */,
				4AF5A89813CCE98C00FD60F3 /* GFPDFTiledLayer.m in Sources */,
				4AF5A89C13CCE9EA00FD60F3 /* GFRenderTiledView.m in Sources */,
				4A2BF9B113D5BCFF00111B21 /* ContentViewController.m in Sources */,
				4A1B8D3413D714B90019FE30 /* SearchViewController.m in Sources */,
				4A06560E13D75D6D007CDE7A /* CIDType0Font.m in Sources */,
				4A06560F13D75D6D007CDE7A /* CIDType2Font.m in Sources */,
				4A06561013D75D6D007CDE7A /* CMap.m in Sources */,
				4A06561113D75D6D007CDE7A /* CompositeFont.m in Sources */,
				4A06561213D75D6D007CDE7A /* Font.m in Sources */,
				4A06561313D75D6D007CDE7A /* FontCollection.m in Sources */,
				4A06561413D75D6D007CDE7A /* FontDescriptor.m in Sources */,
				4A06561513D75D6D007CDE7A /* MMType1Font.m in Sources */,
				4A06561613D75D6D007CDE7A /* RenderingState.m in Sources */,
				4A06561713D75D6D007CDE7A /* Scanner.m in Sources */,
				4A06561813D75D6D007CDE7A /* Selection.m in Sources */,
				4A06561913D75D6D007CDE7A /* SimpleFont.m in Sources */,
				4A06561A13D75D6D007CDE7A /* StringDetector.m in Sources */,
				4A06561B13D75D6D007CDE7A /* TrueTypeFont.m in Sources */,
				4A06561C13D75D6D007CDE7A /* Type0Font.m in Sources */,
				4A06561D13D75D6D007CDE7A /* Type1Font.m in Sources */,
				4A06561E13D75D6D007CDE7A /* Type3Font.m in Sources */,
			);
			runOnlyForDeploymentPostprocessing = 0;
		};
/* End PBXSourcesBuildPhase section */

/* Begin PBXVariantGroup section */
		4A72238713CA0A5D00F99C33 /* InfoPlist.strings */ = {
			isa = PBXVariantGroup;
			children = (
				4A72238813CA0A5D00F99C33 /* en */,
			);
			name = InfoPlist.strings;
			sourceTree = "<group>";
		};
		4A72239013CA0A5E00F99C33 /* MainWindow.xib */ = {
			isa = PBXVariantGroup;
			children = (
				4A72239113CA0A5E00F99C33 /* en */,
			);
			name = MainWindow.xib;
			sourceTree = "<group>";
		};
/* End PBXVariantGroup section */

/* Begin XCBuildConfiguration section */
		4A72239913CA0A5E00F99C33 /* Debug */ = {
			isa = XCBuildConfiguration;
			buildSettings = {
				ARCHS = "$(ARCHS_UNIVERSAL_IPHONE_OS)";
				"CODE_SIGN_IDENTITY[sdk=iphoneos*]" = "iPhone Developer";
				GCC_C_LANGUAGE_STANDARD = gnu99;
				GCC_OPTIMIZATION_LEVEL = 0;
				GCC_PREPROCESSOR_DEFINITIONS = DEBUG;
				GCC_SYMBOLS_PRIVATE_EXTERN = NO;
				GCC_VERSION = com.apple.compilers.llvmgcc42;
				GCC_WARN_ABOUT_RETURN_TYPE = YES;
				GCC_WARN_UNUSED_VARIABLE = YES;
				IPHONEOS_DEPLOYMENT_TARGET = 4.3;
				SDKROOT = iphoneos;
				TARGETED_DEVICE_FAMILY = 2;
			};
			name = Debug;
		};
		4A72239A13CA0A5E00F99C33 /* Release */ = {
			isa = XCBuildConfiguration;
			buildSettings = {
				ARCHS = "$(ARCHS_UNIVERSAL_IPHONE_OS)";
				"CODE_SIGN_IDENTITY[sdk=iphoneos*]" = "iPhone Developer";
				GCC_C_LANGUAGE_STANDARD = gnu99;
				GCC_VERSION = com.apple.compilers.llvmgcc42;
				GCC_WARN_ABOUT_RETURN_TYPE = YES;
				GCC_WARN_UNUSED_VARIABLE = YES;
				IPHONEOS_DEPLOYMENT_TARGET = 4.3;
				OTHER_CFLAGS = "-DNS_BLOCK_ASSERTIONS=1";
				SDKROOT = iphoneos;
				TARGETED_DEVICE_FAMILY = 2;
			};
			name = Release;
		};
		4A72239C13CA0A5E00F99C33 /* Debug */ = {
			isa = XCBuildConfiguration;
			buildSettings = {
				ALWAYS_SEARCH_USER_PATHS = NO;
				COPY_PHASE_STRIP = NO;
				GCC_DYNAMIC_NO_PIC = NO;
				GCC_PRECOMPILE_PREFIX_HEADER = YES;
				GCC_PREFIX_HEADER = "PDF/PDF-Prefix.pch";
				INFOPLIST_FILE = "PDF/PDF-Info.plist";
				PRODUCT_NAME = "$(TARGET_NAME)";
				WRAPPER_EXTENSION = app;
			};
			name = Debug;
		};
		4A72239D13CA0A5E00F99C33 /* Release */ = {
			isa = XCBuildConfiguration;
			buildSettings = {
				ALWAYS_SEARCH_USER_PATHS = NO;
				COPY_PHASE_STRIP = YES;
				GCC_PRECOMPILE_PREFIX_HEADER = YES;
				GCC_PREFIX_HEADER = "PDF/PDF-Prefix.pch";
				INFOPLIST_FILE = "PDF/PDF-Info.plist";
				PRODUCT_NAME = "$(TARGET_NAME)";
				VALIDATE_PRODUCT = YES;
				WRAPPER_EXTENSION = app;
			};
			name = Release;
		};
/* End XCBuildConfiguration section */

/* Begin XCConfigurationList section */
		4A72237413CA0A5C00F99C33 /* Build configuration list for PBXProject "PDF" */ = {
			isa = XCConfigurationList;
			buildConfigurations = (
				4A72239913CA0A5E00F99C33 /* Debug */,
				4A72239A13CA0A5E00F99C33 /* Release */,
			);
			defaultConfigurationIsVisible = 0;
			defaultConfigurationName = Release;
		};
		4A72239B13CA0A5E00F99C33 /* Build configuration list for PBXNativeTarget "PDF" */ = {
			isa = XCConfigurationList;
			buildConfigurations = (
				4A72239C13CA0A5E00F99C33 /* Debug */,
				4A72239D13CA0A5E00F99C33 /* Release */,
			);
			defaultConfigurationIsVisible = 0;
			defaultConfigurationName = Release;
		};
/* End XCConfigurationList section */
	};
	rootObject = 4A72237113CA0A5C00F99C33 /* Project object */;
}
